
Microsoft Visual Studio Solution File, Format Version 12.00
# Visual Studio Version 17
VisualStudioVersion = 17.1.32328.378
MinimumVisualStudioVersion = 10.0.40219.1
Project("{9A19103F-16F7-4668-BE54-9A1E7A4F7556}") = "CDS.Core", "CDS.Core\CDS.Core.csproj", "{6D139B81-E945-494C-AB51-13AF2537EB24}"
EndProject
Project("{9A19103F-16F7-4668-BE54-9A1E7A4F7556}") = "CDS.Core.Tests", "CDS.Core.Tests\CDS.Core.Tests.csproj", "{830B8D6B-0A24-4F86-9ABE-48B34DEB4BF9}"
EndProject
Project("{9A19103F-16F7-4668-BE54-9A1E7A4F7556}") = "CDS.InstrumentModel", "CDS.InstrumentModel\CDS.InstrumentModel.csproj", "{F15F748A-ACB0-4BB5-8653-0981CFF5C183}"
EndProject
Project("{9A19103F-16F7-4668-BE54-9A1E7A4F7556}") = "CDS.InstrumentModel.Tests", "CDS.InstrumentModel.Tests\CDS.InstrumentModel.Tests.csproj", "{B5FB458A-D9F0-4013-BFD5-B7B3267D32C2}"
EndProject
Project("{9A19103F-16F7-4668-BE54-9A1E7A4F7556}") = "CDS.SequenceModel", "CDS.SequenceModel\CDS.SequenceModel.csproj", "{0954B4C7-6B84-4F24-B9E5-4F4C960B7F9C}"
EndProject
Project("{FAE04EC0-301F-11D3-BF4B-00C04F79EFBC}") = "CDS.SequenceModel.Tests", "CDS.SequenceModel.Tests\CDS.SequenceModel.Tests.csproj", "{6226B590-1124-4E0A-9E60-5F18383AF63E}"
EndProject
Project("{FAE04EC0-301F-11D3-BF4B-00C04F79EFBC}") = "ChromassProtocol", "ChromassProtocol\ChromassProtocol.csproj", "{605111DD-1257-42FF-AFFC-B827F93269B8}"
EndProject
Project("{FAE04EC0-301F-11D3-BF4B-00C04F79EFBC}") = "Communicator", "Communicator\Communicator.csproj", "{445C2176-98A7-418E-B749-4E861D8C9544}"
EndProject
Global
	GlobalSection(SolutionConfigurationPlatforms) = preSolution
		Debug|Any CPU = Debug|Any CPU
		Release|Any CPU = Release|Any CPU
	EndGlobalSection
	GlobalSection(ProjectConfigurationPlatforms) = postSolution
		{6D139B81-E945-494C-AB51-13AF2537EB24}.Debug|Any CPU.ActiveCfg = Debug|Any CPU
		{6D139B81-E945-494C-AB51-13AF2537EB24}.Debug|Any CPU.Build.0 = Debug|Any CPU
		{6D139B81-E945-494C-AB51-13AF2537EB24}.Release|Any CPU.ActiveCfg = Release|Any CPU
		{6D139B81-E945-494C-AB51-13AF2537EB24}.Release|Any CPU.Build.0 = Release|Any CPU
		{830B8D6B-0A24-4F86-9ABE-48B34DEB4BF9}.Debug|Any CPU.ActiveCfg = Debug|Any CPU
		{830B8D6B-0A24-4F86-9ABE-48B34DEB4BF9}.Debug|Any CPU.Build.0 = Debug|Any CPU
		{830B8D6B-0A24-4F86-9ABE-48B34DEB4BF9}.Release|Any CPU.ActiveCfg = Release|Any CPU
		{830B8D6B-0A24-4F86-9ABE-48B34DEB4BF9}.Release|Any CPU.Build.0 = Release|Any CPU
		{F15F748A-ACB0-4BB5-8653-0981CFF5C183}.Debug|Any CPU.ActiveCfg = Debug|Any CPU
		{F15F748A-ACB0-4BB5-8653-0981CFF5C183}.Debug|Any CPU.Build.0 = Debug|Any CPU
		{F15F748A-ACB0-4BB5-8653-0981CFF5C183}.Release|Any CPU.ActiveCfg = Release|Any CPU
		{F15F748A-ACB0-4BB5-8653-0981CFF5C183}.Release|Any CPU.Build.0 = Release|Any CPU
		{B5FB458A-D9F0-4013-BFD5-B7B3267D32C2}.Debug|Any CPU.ActiveCfg = Debug|Any CPU
		{B5FB458A-D9F0-4013-BFD5-B7B3267D32C2}.Debug|Any CPU.Build.0 = Debug|Any CPU
		{B5FB458A-D9F0-4013-BFD5-B7B3267D32C2}.Release|Any CPU.ActiveCfg = Release|Any CPU
		{B5FB458A-D9F0-4013-BFD5-B7B3267D32C2}.Release|Any CPU.Build.0 = Release|Any CPU
		{0954B4C7-6B84-4F24-B9E5-4F4C960B7F9C}.Debug|Any CPU.ActiveCfg = Debug|Any CPU
		{0954B4C7-6B84-4F24-B9E5-4F4C960B7F9C}.Debug|Any CPU.Build.0 = Debug|Any CPU
		{0954B4C7-6B84-4F24-B9E5-4F4C960B7F9C}.Release|Any CPU.ActiveCfg = Release|Any CPU
		{0954B4C7-6B84-4F24-B9E5-4F4C960B7F9C}.Release|Any CPU.Build.0 = Release|Any CPU
		{6226B590-1124-4E0A-9E60-5F18383AF63E}.Debug|Any CPU.ActiveCfg = Debug|Any CPU
		{6226B590-1124-4E0A-9E60-5F18383AF63E}.Debug|Any CPU.Build.0 = Debug|Any CPU
		{6226B590-1124-4E0A-9E60-5F18383AF63E}.Release|Any CPU.ActiveCfg = Release|Any CPU
		{6226B590-1124-4E0A-9E60-5F18383AF63E}.Release|Any CPU.Build.0 = Release|Any CPU
		{605111DD-1257-42FF-AFFC-B827F93269B8}.Debug|Any CPU.ActiveCfg = Debug|Any CPU
		{605111DD-1257-42FF-AFFC-B827F93269B8}.Debug|Any CPU.Build.0 = Debug|Any CPU
		{605111DD-1257-42FF-AFFC-B827F93269B8}.Release|Any CPU.ActiveCfg = Release|Any CPU
		{605111DD-1257-42FF-AFFC-B827F93269B8}.Release|Any CPU.Build.0 = Release|Any CPU
		{445C2176-98A7-418E-B749-4E861D8C9544}.Debug|Any CPU.ActiveCfg = Debug|Any CPU
		{445C2176-98A7-418E-B749-4E861D8C9544}.Debug|Any CPU.Build.0 = Debug|Any CPU
		{445C2176-98A7-418E-B749-4E861D8C9544}.Release|Any CPU.ActiveCfg = Release|Any CPU
		{445C2176-98A7-418E-B749-4E861D8C9544}.Release|Any CPU.Build.0 = Release|Any CPU
	EndGlobalSection
	GlobalSection(SolutionProperties) = preSolution
		HideSolutionNode = FALSE
	EndGlobalSection
	GlobalSection(ExtensibilityGlobals) = postSolution
		SolutionGuid = {7B11A5B1-0A63-4464-873D-3AE4344357A1}
	EndGlobalSection
EndGlobal
